
Microsoft Visual Studio Solution File, Format Version 12.00
# Visual Studio Version 17
VisualStudioVersion = 17.2.32210.308
MinimumVisualStudioVersion = 10.0.40219.1
Project("{FAE04EC0-301F-11D3-BF4B-00C04F79EFBC}") = "Search Insert Position", "Search Insert Position.csproj", "{10D758DA-2879-466B-A8D5-B5244FB43610}"
EndProject
Global
	GlobalSection(SolutionConfigurationPlatforms) = preSolution
		Debug|Any CPU = Debug|Any CPU
		Release|Any CPU = Release|Any CPU
	EndGlobalSection
	GlobalSection(ProjectConfigurationPlatforms) = postSolution
		{10D758DA-2879-466B-A8D5-B5244FB43610}.Debug|Any CPU.ActiveCfg = Debug|Any CPU
		{10D758DA-2879-466B-A8D5-B5244FB43610}.Debug|Any CPU.Build.0 = Debug|Any CPU
		{10D758DA-2879-466B-A8D5-B5244FB43610}.Release|Any CPU.ActiveCfg = Release|Any CPU
		{10D758DA-2879-466B-A8D5-B5244FB43610}.Release|Any CPU.Build.0 = Release|Any CPU
	EndGlobalSection
	GlobalSection(SolutionProperties) = preSolution
		HideSolutionNode = FALSE
	EndGlobalSection
	GlobalSection(ExtensibilityGlobals) = postSolution
		SolutionGuid = {57AD529C-59EC-4AA1-BBBF-23587595E4E6}
	EndGlobalSection
EndGlobal
